
Microsoft Visual Studio Solution File, Format Version 12.00
# Visual Studio Version 16
VisualStudioVersion = 16.0.28922.388
MinimumVisualStudioVersion = 10.0.40219.1
Project("{9A19103F-16F7-4668-BE54-9A1E7A4F7556}") = "MovieDatabase.Data", "MovieDatabase.Data\MovieDatabase.Data.csproj", "{973B4CEB-BFA8-4980-9608-1B5681B3D64D}"
EndProject
Project("{9A19103F-16F7-4668-BE54-9A1E7A4F7556}") = "MovieDatabase.Domain", "MovieDatabase.Domain\MovieDatabase.Domain.csproj", "{BE392EA4-B9E3-4BFD-B7F5-9F0F7CC12095}"
EndProject
Project("{9A19103F-16F7-4668-BE54-9A1E7A4F7556}") = "MovieDatabase.Services", "MovieDatabase.Services\MovieDatabase.Services.csproj", "{F5C8AF03-80CA-408C-9BC2-874EB5FCCBF5}"
EndProject
Project("{9A19103F-16F7-4668-BE54-9A1E7A4F7556}") = "MovieDatabase.Web", "MovieDatabase.Web\MovieDatabase.Web.csproj", "{50D931BD-F24E-40CB-A842-0265086FFAB6}"
EndProject
Project("{9A19103F-16F7-4668-BE54-9A1E7A4F7556}") = "MovieDatabase.Models", "MovieDatabase.Models\MovieDatabase.Models.csproj", "{B407F082-187A-4002-8373-4A4F5B0A8586}"
EndProject
Project("{9A19103F-16F7-4668-BE54-9A1E7A4F7556}") = "MovieDatabase.Common", "MovieDatabase.Common\MovieDatabase.Common.csproj", "{EE0E1A11-8E84-40A5-9B96-B51B455E7DCC}"
EndProject
Project("{9A19103F-16F7-4668-BE54-9A1E7A4F7556}") = "MovieDatabase.Tests", "MovieDatabase.Tests\MovieDatabase.Tests.csproj", "{07E1738E-8024-444C-BDCC-C2C93C3688AD}"
EndProject
Global
	GlobalSection(SolutionConfigurationPlatforms) = preSolution
		Debug|Any CPU = Debug|Any CPU
		Release|Any CPU = Release|Any CPU
	EndGlobalSection
	GlobalSection(ProjectConfigurationPlatforms) = postSolution
		{973B4CEB-BFA8-4980-9608-1B5681B3D64D}.Debug|Any CPU.ActiveCfg = Debug|Any CPU
		{973B4CEB-BFA8-4980-9608-1B5681B3D64D}.Debug|Any CPU.Build.0 = Debug|Any CPU
		{973B4CEB-BFA8-4980-9608-1B5681B3D64D}.Release|Any CPU.ActiveCfg = Release|Any CPU
		{973B4CEB-BFA8-4980-9608-1B5681B3D64D}.Release|Any CPU.Build.0 = Release|Any CPU
		{BE392EA4-B9E3-4BFD-B7F5-9F0F7CC12095}.Debug|Any CPU.ActiveCfg = Debug|Any CPU
		{BE392EA4-B9E3-4BFD-B7F5-9F0F7CC12095}.Debug|Any CPU.Build.0 = Debug|Any CPU
		{BE392EA4-B9E3-4BFD-B7F5-9F0F7CC12095}.Release|Any CPU.ActiveCfg = Release|Any CPU
		{BE392EA4-B9E3-4BFD-B7F5-9F0F7CC12095}.Release|Any CPU.Build.0 = Release|Any CPU
		{F5C8AF03-80CA-408C-9BC2-874EB5FCCBF5}.Debug|Any CPU.ActiveCfg = Debug|Any CPU
		{F5C8AF03-80CA-408C-9BC2-874EB5FCCBF5}.Debug|Any CPU.Build.0 = Debug|Any CPU
		{F5C8AF03-80CA-408C-9BC2-874EB5FCCBF5}.Release|Any CPU.ActiveCfg = Release|Any CPU
		{F5C8AF03-80CA-408C-9BC2-874EB5FCCBF5}.Release|Any CPU.Build.0 = Release|Any CPU
		{50D931BD-F24E-40CB-A842-0265086FFAB6}.Debug|Any CPU.ActiveCfg = Debug|Any CPU
		{50D931BD-F24E-40CB-A842-0265086FFAB6}.Debug|Any CPU.Build.0 = Debug|Any CPU
		{50D931BD-F24E-40CB-A842-0265086FFAB6}.Release|Any CPU.ActiveCfg = Release|Any CPU
		{50D931BD-F24E-40CB-A842-0265086FFAB6}.Release|Any CPU.Build.0 = Release|Any CPU
		{B407F082-187A-4002-8373-4A4F5B0A8586}.Debug|Any CPU.ActiveCfg = Debug|Any CPU
		{B407F082-187A-4002-8373-4A4F5B0A8586}.Debug|Any CPU.Build.0 = Debug|Any CPU
		{B407F082-187A-4002-8373-4A4F5B0A8586}.Release|Any CPU.ActiveCfg = Release|Any CPU
		{B407F082-187A-4002-8373-4A4F5B0A8586}.Release|Any CPU.Build.0 = Release|Any CPU
		{EE0E1A11-8E84-40A5-9B96-B51B455E7DCC}.Debug|Any CPU.ActiveCfg = Debug|Any CPU
		{EE0E1A11-8E84-40A5-9B96-B51B455E7DCC}.Debug|Any CPU.Build.0 = Debug|Any CPU
		{EE0E1A11-8E84-40A5-9B96-B51B455E7DCC}.Release|Any CPU.ActiveCfg = Release|Any CPU
		{EE0E1A11-8E84-40A5-9B96-B51B455E7DCC}.Release|Any CPU.Build.0 = Release|Any CPU
		{07E1738E-8024-444C-BDCC-C2C93C3688AD}.Debug|Any CPU.ActiveCfg = Debug|Any CPU
		{07E1738E-8024-444C-BDCC-C2C93C3688AD}.Debug|Any CPU.Build.0 = Debug|Any CPU
		{07E1738E-8024-444C-BDCC-C2C93C3688AD}.Release|Any CPU.ActiveCfg = Release|Any CPU
		{07E1738E-8024-444C-BDCC-C2C93C3688AD}.Release|Any CPU.Build.0 = Release|Any CPU
	EndGlobalSection
	GlobalSection(SolutionProperties) = preSolution
		HideSolutionNode = FALSE
	EndGlobalSection
	GlobalSection(ExtensibilityGlobals) = postSolution
		SolutionGuid = {D9903BA4-C02E-49A0-88B9-B7E3CF4CC78C}
	EndGlobalSection
EndGlobal
